// !$*UTF8*$!
{
	archiveVersion = 1;
	classes = {
	};
	objectVersion = 50;
	objects = {

/* Begin PBXBuildFile section */
		477DC52E22D35F5900FEDFB3 /* AppDelegate.swift in Sources */ = {isa = PBXBuildFile; fileRef = 477DC52D22D35F5900FEDFB3 /* AppDelegate.swift */; };
		477DC53022D35F5900FEDFB3 /* WeatherViewController.swift in Sources */ = {isa = PBXBuildFile; fileRef = 477DC52F22D35F5900FEDFB3 /* WeatherViewController.swift */; };
		477DC53322D35F5900FEDFB3 /* Main.storyboard in Resources */ = {isa = PBXBuildFile; fileRef = 477DC53122D35F5900FEDFB3 /* Main.storyboard */; };
		477DC53522D35F5D00FEDFB3 /* Assets.xcassets in Resources */ = {isa = PBXBuildFile; fileRef = 477DC53422D35F5D00FEDFB3 /* Assets.xcassets */; };
		477DC53822D35F5D00FEDFB3 /* LaunchScreen.storyboard in Resources */ = {isa = PBXBuildFile; fileRef = 477DC53622D35F5D00FEDFB3 /* LaunchScreen.storyboard */; };
		477DC54322D3629000FEDFB3 /* WatherDataModel.swift in Sources */ = {isa = PBXBuildFile; fileRef = 477DC54222D3629000FEDFB3 /* WatherDataModel.swift */; };
		477DC54522D3630B00FEDFB3 /* ChangeCityViewController.swift in Sources */ = {isa = PBXBuildFile; fileRef = 477DC54422D3630B00FEDFB3 /* ChangeCityViewController.swift */; };
		63F7605C3AC4CBE8D2E808C5 /* Pods_SimpleWeatherApp.framework in Frameworks */ = {isa = PBXBuildFile; fileRef = 6DD2E0487459C71C995DC658 /* Pods_SimpleWeatherApp.framework */; };
/* End PBXBuildFile section */

/* Begin PBXFileReference section */
		477DC52A22D35F5900FEDFB3 /* SimpleWeatherApp.app */ = {isa = PBXFileReference; explicitFileType = wrapper.application; includeInIndex = 0; path = SimpleWeatherApp.app; sourceTree = BUILT_PRODUCTS_DIR; };
		477DC52D22D35F5900FEDFB3 /* AppDelegate.swift */ = {isa = PBXFileReference; lastKnownFileType = sourcecode.swift; path = AppDelegate.swift; sourceTree = "<group>"; };
		477DC52F22D35F5900FEDFB3 /* WeatherViewController.swift */ = {isa = PBXFileReference; lastKnownFileType = sourcecode.swift; path = WeatherViewController.swift; sourceTree = "<group>"; };
		477DC53222D35F5900FEDFB3 /* Base */ = {isa = PBXFileReference; lastKnownFileType = file.storyboard; name = Base; path = Base.lproj/Main.storyboard; sourceTree = "<group>"; };
		477DC53422D35F5D00FEDFB3 /* Assets.xcassets */ = {isa = PBXFileReference; lastKnownFileType = folder.assetcatalog; path = Assets.xcassets; sourceTree = "<group>"; };
		477DC53722D35F5D00FEDFB3 /* Base */ = {isa = PBXFileReference; lastKnownFileType = file.storyboard; name = Base; path = Base.lproj/LaunchScreen.storyboard; sourceTree = "<group>"; };
		477DC53922D35F5D00FEDFB3 /* Info.plist */ = {isa = PBXFileReference; lastKnownFileType = text.plist.xml; path = Info.plist; sourceTree = "<group>"; };
		477DC54222D3629000FEDFB3 /* WatherDataModel.swift */ = {isa = PBXFileReference; lastKnownFileType = sourcecode.swift; path = WatherDataModel.swift; sourceTree = "<group>"; };
		477DC54422D3630B00FEDFB3 /* ChangeCityViewController.swift */ = {isa = PBXFileReference; lastKnownFileType = sourcecode.swift; path = ChangeCityViewController.swift; sourceTree = "<group>"; };
		6DD2E0487459C71C995DC658 /* Pods_SimpleWeatherApp.framework */ = {isa = PBXFileReference; explicitFileType = wrapper.framework; includeInIndex = 0; path = Pods_SimpleWeatherApp.framework; sourceTree = BUILT_PRODUCTS_DIR; };
		A0F5F80B498ECC483324E631 /* Pods-SimpleWeatherApp.debug.xcconfig */ = {isa = PBXFileReference; includeInIndex = 1; lastKnownFileType = text.xcconfig; name = "Pods-SimpleWeatherApp.debug.xcconfig"; path = "Pods/Target Support Files/Pods-SimpleWeatherApp/Pods-SimpleWeatherApp.debug.xcconfig"; sourceTree = "<group>"; };
		D8CE28D0BB70683B55DDE538 /* Pods-SimpleWeatherApp.release.xcconfig */ = {isa = PBXFileReference; includeInIndex = 1; lastKnownFileType = text.xcconfig; name = "Pods-SimpleWeatherApp.release.xcconfig"; path = "Pods/Target Support Files/Pods-SimpleWeatherApp/Pods-SimpleWeatherApp.release.xcconfig"; sourceTree = "<group>"; };
/* End PBXFileReference section */

/* Begin PBXFrameworksBuildPhase section */
		477DC52722D35F5900FEDFB3 /* Frameworks */ = {
			isa = PBXFrameworksBuildPhase;
			buildActionMask = 2147483647;
			files = (
				63F7605C3AC4CBE8D2E808C5 /* Pods_SimpleWeatherApp.framework in Frameworks */,
			);
			runOnlyForDeploymentPostprocessing = 0;
		};
/* End PBXFrameworksBuildPhase section */

/* Begin PBXGroup section */
		35E85283231D445102F48E54 /* Frameworks */ = {
			isa = PBXGroup;
			children = (
				6DD2E0487459C71C995DC658 /* Pods_SimpleWeatherApp.framework */,
			);
			name = Frameworks;
			sourceTree = "<group>";
		};
		477DC52122D35F5900FEDFB3 = {
			isa = PBXGroup;
			children = (
				477DC52C22D35F5900FEDFB3 /* SimpleWeatherApp */,
				477DC52B22D35F5900FEDFB3 /* Products */,
				DA8DE3396F2DA74147F97E73 /* Pods */,
				35E85283231D445102F48E54 /* Frameworks */,
			);
			sourceTree = "<group>";
		};
		477DC52B22D35F5900FEDFB3 /* Products */ = {
			isa = PBXGroup;
			children = (
				477DC52A22D35F5900FEDFB3 /* SimpleWeatherApp.app */,
			);
			name = Products;
			sourceTree = "<group>";
		};
		477DC52C22D35F5900FEDFB3 /* SimpleWeatherApp */ = {
			isa = PBXGroup;
			children = (
				477DC53F22D3621400FEDFB3 /* Model */,
				477DC54022D3622000FEDFB3 /* View */,
				477DC54122D3622600FEDFB3 /* Controller */,
				477DC53422D35F5D00FEDFB3 /* Assets.xcassets */,
				477DC53622D35F5D00FEDFB3 /* LaunchScreen.storyboard */,
				477DC54622D3633000FEDFB3 /* Supporting File */,
			);
			path = SimpleWeatherApp;
			sourceTree = "<group>";
		};
		477DC53F22D3621400FEDFB3 /* Model */ = {
			isa = PBXGroup;
			children = (
				477DC54222D3629000FEDFB3 /* WatherDataModel.swift */,
			);
			path = Model;
			sourceTree = "<group>";
		};
		477DC54022D3622000FEDFB3 /* View */ = {
			isa = PBXGroup;
			children = (
				477DC53122D35F5900FEDFB3 /* Main.storyboard */,
			);
			path = View;
			sourceTree = "<group>";
		};
		477DC54122D3622600FEDFB3 /* Controller */ = {
			isa = PBXGroup;
			children = (
				477DC52D22D35F5900FEDFB3 /* AppDelegate.swift */,
				477DC52F22D35F5900FEDFB3 /* WeatherViewController.swift */,
				477DC54422D3630B00FEDFB3 /* ChangeCityViewController.swift */,
			);
			path = Controller;
			sourceTree = "<group>";
		};
		477DC54622D3633000FEDFB3 /* Supporting File */ = {
			isa = PBXGroup;
			children = (
				477DC53922D35F5D00FEDFB3 /* Info.plist */,
			);
			path = "Supporting File";
			sourceTree = "<group>";
		};
		DA8DE3396F2DA74147F97E73 /* Pods */ = {
			isa = PBXGroup;
			children = (
				A0F5F80B498ECC483324E631 /* Pods-SimpleWeatherApp.debug.xcconfig */,
				D8CE28D0BB70683B55DDE538 /* Pods-SimpleWeatherApp.release.xcconfig */,
			);
			name = Pods;
			sourceTree = "<group>";
		};
/* End PBXGroup section */

/* Begin PBXNativeTarget section */
		477DC52922D35F5900FEDFB3 /* SimpleWeatherApp */ = {
			isa = PBXNativeTarget;
			buildConfigurationList = 477DC53C22D35F5D00FEDFB3 /* Build configuration list for PBXNativeTarget "SimpleWeatherApp" */;
			buildPhases = (
				2F0C8BEBE6BE5FC8038438DE /* [CP] Check Pods Manifest.lock */,
				477DC52622D35F5900FEDFB3 /* Sources */,
				477DC52722D35F5900FEDFB3 /* Frameworks */,
				477DC52822D35F5900FEDFB3 /* Resources */,
				28171CFA1FAC8912D3D3AF09 /* [CP] Embed Pods Frameworks */,
			);
			buildRules = (
			);
			dependencies = (
			);
			name = SimpleWeatherApp;
			productName = SimplyWeatherApp;
			productReference = 477DC52A22D35F5900FEDFB3 /* SimpleWeatherApp.app */;
			productType = "com.apple.product-type.application";
		};
/* End PBXNativeTarget section */

/* Begin PBXProject section */
		477DC52222D35F5900FEDFB3 /* Project object */ = {
			isa = PBXProject;
			attributes = {
				LastSwiftUpdateCheck = 1010;
				LastUpgradeCheck = 1010;
				ORGANIZATIONNAME = "Nadzieja Siwucha";
				TargetAttributes = {
					477DC52922D35F5900FEDFB3 = {
						CreatedOnToolsVersion = 10.1;
						LastSwiftMigration = 1020;
					};
				};
			};
			buildConfigurationList = 477DC52522D35F5900FEDFB3 /* Build configuration list for PBXProject "SimpleWeatherApp" */;
			compatibilityVersion = "Xcode 9.3";
			developmentRegion = en;
			hasScannedForEncodings = 0;
			knownRegions = (
				en,
				Base,
			);
			mainGroup = 477DC52122D35F5900FEDFB3;
			productRefGroup = 477DC52B22D35F5900FEDFB3 /* Products */;
			projectDirPath = "";
			projectRoot = "";
			targets = (
				477DC52922D35F5900FEDFB3 /* SimpleWeatherApp */,
			);
		};
/* End PBXProject section */

/* Begin PBXResourcesBuildPhase section */
		477DC52822D35F5900FEDFB3 /* Resources */ = {
			isa = PBXResourcesBuildPhase;
			buildActionMask = 2147483647;
			files = (
				477DC53822D35F5D00FEDFB3 /* LaunchScreen.storyboard in Resources */,
				477DC53522D35F5D00FEDFB3 /* Assets.xcassets in Resources */,
				477DC53322D35F5900FEDFB3 /* Main.storyboard in Resources */,
			);
			runOnlyForDeploymentPostprocessing = 0;
		};
/* End PBXResourcesBuildPhase section */

/* Begin PBXShellScriptBuildPhase section */
		28171CFA1FAC8912D3D3AF09 /* [CP] Embed Pods Frameworks */ = {
			isa = PBXShellScriptBuildPhase;
			buildActionMask = 2147483647;
			files = (
			);
			inputFileListPaths = (
			);
			inputPaths = (
				"${SRCROOT}/Pods/Target Support Files/Pods-SimpleWeatherApp/Pods-SimpleWeatherApp-frameworks.sh",
				"${BUILT_PRODUCTS_DIR}/Alamofire/Alamofire.framework",
				"${BUILT_PRODUCTS_DIR}/SVProgressHUD/SVProgressHUD.framework",
				"${BUILT_PRODUCTS_DIR}/SwiftyJSON/SwiftyJSON.framework",
			);
			name = "[CP] Embed Pods Frameworks";
			outputFileListPaths = (
			);
			outputPaths = (
				"${TARGET_BUILD_DIR}/${FRAMEWORKS_FOLDER_PATH}/Alamofire.framework",
				"${TARGET_BUILD_DIR}/${FRAMEWORKS_FOLDER_PATH}/SVProgressHUD.framework",
				"${TARGET_BUILD_DIR}/${FRAMEWORKS_FOLDER_PATH}/SwiftyJSON.framework",
			);
			runOnlyForDeploymentPostprocessing = 0;
			shellPath = /bin/sh;
			shellScript = "\"${SRCROOT}/Pods/Target Support Files/Pods-SimpleWeatherApp/Pods-SimpleWeatherApp-frameworks.sh\"\n";
			showEnvVarsInLog = 0;
		};
		2F0C8BEBE6BE5FC8038438DE /* [CP] Check Pods Manifest.lock */ = {
			isa = PBXShellScriptBuildPhase;
			buildActionMask = 2147483647;
			files = (
			);
			inputFileListPaths = (
			);
			inputPaths = (
				"${PODS_PODFILE_DIR_PATH}/Podfile.lock",
				"${PODS_ROOT}/Manifest.lock",
			);
			name = "[CP] Check Pods Manifest.lock";
			outputFileListPaths = (
			);
			outputPaths = (
				"$(DERIVED_FILE_DIR)/Pods-SimpleWeatherApp-checkManifestLockResult.txt",
			);
			runOnlyForDeploymentPostprocessing = 0;
			shellPath = /bin/sh;
			shellScript = "diff \"${PODS_PODFILE_DIR_PATH}/Podfile.lock\" \"${PODS_ROOT}/Manifest.lock\" > /dev/null\nif [ $? != 0 ] ; then\n    # print error to STDERR\n    echo \"error: The sandbox is not in sync with the Podfile.lock. Run 'pod install' or update your CocoaPods installation.\" >&2\n    exit 1\nfi\n# This output is used by Xcode 'outputs' to avoid re-running this script phase.\necho \"SUCCESS\" > \"${SCRIPT_OUTPUT_FILE_0}\"\n";
			showEnvVarsInLog = 0;
		};
/* End PBXShellScriptBuildPhase section */

/* Begin PBXSourcesBuildPhase section */
		477DC52622D35F5900FEDFB3 /* Sources */ = {
			isa = PBXSourcesBuildPhase;
			buildActionMask = 2147483647;
			files = (
				477DC54322D3629000FEDFB3 /* WatherDataModel.swift in Sources */,
				477DC53022D35F5900FEDFB3 /* WeatherViewController.swift in Sources */,
				477DC52E22D35F5900FEDFB3 /* AppDelegate.swift in Sources */,
				477DC54522D3630B00FEDFB3 /* ChangeCityViewController.swift in Sources */,
			);
			runOnlyForDeploymentPostprocessing = 0;
		};
/* End PBXSourcesBuildPhase section */

/* Begin PBXVariantGroup section */
		477DC53122D35F5900FEDFB3 /* Main.storyboard */ = {
			isa = PBXVariantGroup;
			children = (
				477DC53222D35F5900FEDFB3 /* Base */,
			);
			name = Main.storyboard;
			sourceTree = "<group>";
		};
		477DC53622D35F5D00FEDFB3 /* LaunchScreen.storyboard */ = {
			isa = PBXVariantGroup;
			children = (
				477DC53722D35F5D00FEDFB3 /* Base */,
			);
			name = LaunchScreen.storyboard;
			sourceTree = "<group>";
		};
/* End PBXVariantGroup section */

/* Begin XCBuildConfiguration section */
		477DC53A22D35F5D00FEDFB3 /* Debug */ = {
			isa = XCBuildConfiguration;
			buildSettings = {
				ALWAYS_SEARCH_USER_PATHS = NO;
				CLANG_ANALYZER_NONNULL = YES;
				CLANG_ANALYZER_NUMBER_OBJECT_CONVERSION = YES_AGGRESSIVE;
				CLANG_CXX_LANGUAGE_STANDARD = "gnu++14";
				CLANG_CXX_LIBRARY = "libc++";
				CLANG_ENABLE_MODULES = YES;
				CLANG_ENABLE_OBJC_ARC = YES;
				CLANG_ENABLE_OBJC_WEAK = YES;
				CLANG_WARN_BLOCK_CAPTURE_AUTORELEASING = YES;
				CLANG_WARN_BOOL_CONVERSION = YES;
				CLANG_WARN_COMMA = YES;
				CLANG_WARN_CONSTANT_CONVERSION = YES;
				CLANG_WARN_DEPRECATED_OBJC_IMPLEMENTATIONS = YES;
				CLANG_WARN_DIRECT_OBJC_ISA_USAGE = YES_ERROR;
				CLANG_WARN_DOCUMENTATION_COMMENTS = YES;
				CLANG_WARN_EMPTY_BODY = YES;
				CLANG_WARN_ENUM_CONVERSION = YES;
				CLANG_WARN_INFINITE_RECURSION = YES;
				CLANG_WARN_INT_CONVERSION = YES;
				CLANG_WARN_NON_LITERAL_NULL_CONVERSION = YES;
				CLANG_WARN_OBJC_IMPLICIT_RETAIN_SELF = YES;
				CLANG_WARN_OBJC_LITERAL_CONVERSION = YES;
				CLANG_WARN_OBJC_ROOT_CLASS = YES_ERROR;
				CLANG_WARN_RANGE_LOOP_ANALYSIS = YES;
				CLANG_WARN_STRICT_PROTOTYPES = YES;
				CLANG_WARN_SUSPICIOUS_MOVE = YES;
				CLANG_WARN_UNGUARDED_AVAILABILITY = YES_AGGRESSIVE;
				CLANG_WARN_UNREACHABLE_CODE = YES;
				CLANG_WARN__DUPLICATE_METHOD_MATCH = YES;
				CODE_SIGN_IDENTITY = "iPhone Developer";
				COPY_PHASE_STRIP = NO;
				DEBUG_INFORMATION_FORMAT = dwarf;
				ENABLE_STRICT_OBJC_MSGSEND = YES;
				ENABLE_TESTABILITY = YES;
				GCC_C_LANGUAGE_STANDARD = gnu11;
				GCC_DYNAMIC_NO_PIC = NO;
				GCC_NO_COMMON_BLOCKS = YES;
				GCC_OPTIMIZATION_LEVEL = 0;
				GCC_PREPROCESSOR_DEFINITIONS = (
					"DEBUG=1",
					"$(inherited)",
				);
				GCC_WARN_64_TO_32_BIT_CONVERSION = YES;
				GCC_WARN_ABOUT_RETURN_TYPE = YES_ERROR;
				GCC_WARN_UNDECLARED_SELECTOR = YES;
				GCC_WARN_UNINITIALIZED_AUTOS = YES_AGGRESSIVE;
				GCC_WARN_UNUSED_FUNCTION = YES;
				GCC_WARN_UNUSED_VARIABLE = YES;
				IPHONEOS_DEPLOYMENT_TARGET = 12.1;
				MTL_ENABLE_DEBUG_INFO = INCLUDE_SOURCE;
				MTL_FAST_MATH = YES;
				ONLY_ACTIVE_ARCH = YES;
				SDKROOT = iphoneos;
				SWIFT_ACTIVE_COMPILATION_CONDITIONS = DEBUG;
				SWIFT_OPTIMIZATION_LEVEL = "-Onone";
			};
			name = Debug;
		};
		477DC53B22D35F5D00FEDFB3 /* Release */ = {
			isa = XCBuildConfiguration;
			buildSettings = {
				ALWAYS_SEARCH_USER_PATHS = NO;
				CLANG_ANALYZER_NONNULL = YES;
				CLANG_ANALYZER_NUMBER_OBJECT_CONVERSION = YES_AGGRESSIVE;
				CLANG_CXX_LANGUAGE_STANDARD = "gnu++14";
				CLANG_CXX_LIBRARY = "libc++";
				CLANG_ENABLE_MODULES = YES;
				CLANG_ENABLE_OBJC_ARC = YES;
				CLANG_ENABLE_OBJC_WEAK = YES;
				CLANG_WARN_BLOCK_CAPTURE_AUTORELEASING = YES;
				CLANG_WARN_BOOL_CONVERSION = YES;
				CLANG_WARN_COMMA = YES;
				CLANG_WARN_CONSTANT_CONVERSION = YES;
				CLANG_WARN_DEPRECATED_OBJC_IMPLEMENTATIONS = YES;
				CLANG_WARN_DIRECT_OBJC_ISA_USAGE = YES_ERROR;
				CLANG_WARN_DOCUMENTATION_COMMENTS = YES;
				CLANG_WARN_EMPTY_BODY = YES;
				CLANG_WARN_ENUM_CONVERSION = YES;
				CLANG_WARN_INFINITE_RECURSION = YES;
				CLANG_WARN_INT_CONVERSION = YES;
				CLANG_WARN_NON_LITERAL_NULL_CONVERSION = YES;
				CLANG_WARN_OBJC_IMPLICIT_RETAIN_SELF = YES;
				CLANG_WARN_OBJC_LITERAL_CONVERSION = YES;
				CLANG_WARN_OBJC_ROOT_CLASS = YES_ERROR;
				CLANG_WARN_RANGE_LOOP_ANALYSIS = YES;
				CLANG_WARN_STRICT_PROTOTYPES = YES;
				CLANG_WARN_SUSPICIOUS_MOVE = YES;
				CLANG_WARN_UNGUARDED_AVAILABILITY = YES_AGGRESSIVE;
				CLANG_WARN_UNREACHABLE_CODE = YES;
				CLANG_WARN__DUPLICATE_METHOD_MATCH = YES;
				CODE_SIGN_IDENTITY = "iPhone Developer";
				COPY_PHASE_STRIP = NO;
				DEBUG_INFORMATION_FORMAT = "dwarf-with-dsym";
				ENABLE_NS_ASSERTIONS = NO;
				ENABLE_STRICT_OBJC_MSGSEND = YES;
				GCC_C_LANGUAGE_STANDARD = gnu11;
				GCC_NO_COMMON_BLOCKS = YES;
				GCC_WARN_64_TO_32_BIT_CONVERSION = YES;
				GCC_WARN_ABOUT_RETURN_TYPE = YES_ERROR;
				GCC_WARN_UNDECLARED_SELECTOR = YES;
				GCC_WARN_UNINITIALIZED_AUTOS = YES_AGGRESSIVE;
				GCC_WARN_UNUSED_FUNCTION = YES;
				GCC_WARN_UNUSED_VARIABLE = YES;
				IPHONEOS_DEPLOYMENT_TARGET = 12.1;
				MTL_ENABLE_DEBUG_INFO = NO;
				MTL_FAST_MATH = YES;
				SDKROOT = iphoneos;
				SWIFT_COMPILATION_MODE = wholemodule;
				SWIFT_OPTIMIZATION_LEVEL = "-O";
				VALIDATE_PRODUCT = YES;
			};
			name = Release;
		};
		477DC53D22D35F5D00FEDFB3 /* Debug */ = {
			isa = XCBuildConfiguration;
			baseConfigurationReference = A0F5F80B498ECC483324E631 /* Pods-SimpleWeatherApp.debug.xcconfig */;
			buildSettings = {
				ASSETCATALOG_COMPILER_APPICON_NAME = AppIcon;
				CODE_SIGN_STYLE = Automatic;
				DEVELOPMENT_TEAM = FZTPV54S7Q;
				INFOPLIST_FILE = "$(SRCROOT)/SimpleWeatherApp/Supporting File/Info.plist";
				LD_RUNPATH_SEARCH_PATHS = (
					"$(inherited)",
					"@executable_path/Frameworks",
				);
				PRODUCT_BUNDLE_IDENTIFIER = "Nadzieja-Siwucha.SimpleWeatherApp";
				PRODUCT_NAME = "$(TARGET_NAME)";
				SWIFT_VERSION = 5.0;
				TARGETED_DEVICE_FAMILY = 1;
			};
			name = Debug;
		};
		477DC53E22D35F5D00FEDFB3 /* Release */ = {
			isa = XCBuildConfiguration;
			baseConfigurationReference = D8CE28D0BB70683B55DDE538 /* Pods-SimpleWeatherApp.release.xcconfig */;
			buildSettings = {
				ASSETCATALOG_COMPILER_APPICON_NAME = AppIcon;
				CODE_SIGN_STYLE = Automatic;
				DEVELOPMENT_TEAM = FZTPV54S7Q;
				INFOPLIST_FILE = "$(SRCROOT)/SimpleWeatherApp/Supporting File/Info.plist";
				LD_RUNPATH_SEARCH_PATHS = (
					"$(inherited)",
					"@executable_path/Frameworks",
				);
				PRODUCT_BUNDLE_IDENTIFIER = "Nadzieja-Siwucha.SimpleWeatherApp";
				PRODUCT_NAME = "$(TARGET_NAME)";
				SWIFT_VERSION = 5.0;
				TARGETED_DEVICE_FAMILY = 1;
			};
			name = Release;
		};
/* End XCBuildConfiguration section */

/* Begin XCConfigurationList section */
		477DC52522D35F5900FEDFB3 /* Build configuration list for PBXProject "SimpleWeatherApp" */ = {
			isa = XCConfigurationList;
			buildConfigurations = (
				477DC53A22D35F5D00FEDFB3 /* Debug */,
				477DC53B22D35F5D00FEDFB3 /* Release */,
			);
			defaultConfigurationIsVisible = 0;
			defaultConfigurationName = Release;
		};
		477DC53C22D35F5D00FEDFB3 /* Build configuration list for PBXNativeTarget "SimpleWeatherApp" */ = {
			isa = XCConfigurationList;
			buildConfigurations = (
				477DC53D22D35F5D00FEDFB3 /* Debug */,
				477DC53E22D35F5D00FEDFB3 /* Release */,
			);
			defaultConfigurationIsVisible = 0;
			defaultConfigurationName = Release;
		};
/* End XCConfigurationList section */
	};
	rootObject = 477DC52222D35F5900FEDFB3 /* Project object */;
}
